// !$*UTF8*$!
{
	archiveVersion = 1;
	classes = {
	};
	objectVersion = 55;
	objects = {

/* Begin PBXBuildFile section */
		11092C2A2A4A8A757C2D5C27 /* DependencyContainer.swift in Sources */ = {isa = PBXBuildFile; fileRef = 903311201AF1963C8BA0221E /* DependencyContainer.swift */; };
		12108CF34A49AD8BB9EE8822 /* SwiftAnthropic in Frameworks */ = {isa = PBXBuildFile; productRef = E726D85E00C029AAAF836BF4 /* SwiftAnthropic */; };
		136E0075BF183F87EDF982DC /* SettingsViewModel.swift in Sources */ = {isa = PBXBuildFile; fileRef = ECBF85BEAD0B20495F1C5951 /* SettingsViewModel.swift */; };
		22432AB06C67A550758FB110 /* TopProductsView.swift in Sources */ = {isa = PBXBuildFile; fileRef = 15CD91D9B523B470ED9425B6 /* TopProductsView.swift */; };
		2339ACBDB2DB272CCB2F2989 /* Core.framework in Frameworks */ = {isa = PBXBuildFile; fileRef = 6CE0CCBB4856C7D257C42C06 /* Core.framework */; };
		27311DADE375F7DB655AAE46 /* ProductModels.swift in Sources */ = {isa = PBXBuildFile; fileRef = 17032E1E283F92371653A874 /* ProductModels.swift */; };
		295CB1EA53C627EC5A5F2F5B /* Spacing.swift in Sources */ = {isa = PBXBuildFile; fileRef = 9F8D8716448C44C411C7B665 /* Spacing.swift */; };
		2D53261BCCAEC79667468633 /* ClaudeService.framework in Frameworks */ = {isa = PBXBuildFile; fileRef = E57A6D209DFBB7905352CB58 /* ClaudeService.framework */; };
		2E6B38154C84272BAB65F43C /* TuistBundle+DesignSystem.swift in Sources */ = {isa = PBXBuildFile; fileRef = 7383874F0709692850541EB2 /* TuistBundle+DesignSystem.swift */; };
		310ADA9A641C6D96B384C18C /* Core.framework in Frameworks */ = {isa = PBXBuildFile; fileRef = 6CE0CCBB4856C7D257C42C06 /* Core.framework */; };
		36B79F4C946F664BA0169433 /* ClaudeService.swift in Sources */ = {isa = PBXBuildFile; fileRef = B88FB763426BBA92B67C633A /* ClaudeService.swift */; };
		559D84BEAFFD2213861CBD67 /* Core.framework in Frameworks */ = {isa = PBXBuildFile; fileRef = 6CE0CCBB4856C7D257C42C06 /* Core.framework */; };
		5730D4FC22BB4A9354EAC430 /* Swinject in Frameworks */ = {isa = PBXBuildFile; productRef = 83CCAB803A790E16322C96F9 /* Swinject */; };
		5A2A59652CC674225597E0CA /* Swinject in Frameworks */ = {isa = PBXBuildFile; productRef = 27DB7BB2042450E24FAE2F56 /* Swinject */; };
		5A5036AF51188117212F596F /* TopProductsFeature.framework in Embed Frameworks */ = {isa = PBXBuildFile; fileRef = 1CE1CFFA1CE718A9AD996876 /* TopProductsFeature.framework */; settings = {ATTRIBUTES = (CodeSignOnCopy, RemoveHeadersOnCopy, ); }; };
		604C7C9246AC5658C81ABD6B /* TopProductsViewModel.swift in Sources */ = {isa = PBXBuildFile; fileRef = EBB7377F64AF59DCFFD24FD3 /* TopProductsViewModel.swift */; };
		72E0ADC41F8931B9C6F226B6 /* ClaudeService.framework in Frameworks */ = {isa = PBXBuildFile; fileRef = E57A6D209DFBB7905352CB58 /* ClaudeService.framework */; };
		7CE02915CBB464583B656695 /* DesignSystem.framework in Frameworks */ = {isa = PBXBuildFile; fileRef = BE7B78E2609CDD442CEC5357 /* DesignSystem.framework */; };
		80670CC1AEF2C4BED69BD668 /* Colors.swift in Sources */ = {isa = PBXBuildFile; fileRef = 6C5FEDB03573C0B3FEDB5378 /* Colors.swift */; };
		842D6898BD1BC7C64E33C769 /* SettingsFeature.framework in Embed Frameworks */ = {isa = PBXBuildFile; fileRef = 8E40EBFD89509A924E63773A /* SettingsFeature.framework */; settings = {ATTRIBUTES = (CodeSignOnCopy, RemoveHeadersOnCopy, ); }; };
		88FF28091DE17F87762352BF /* DesignSystem.framework in Frameworks */ = {isa = PBXBuildFile; fileRef = BE7B78E2609CDD442CEC5357 /* DesignSystem.framework */; };
		8E39870BAE89867ACAF9129B /* ClaudeService.framework in Frameworks */ = {isa = PBXBuildFile; fileRef = E57A6D209DFBB7905352CB58 /* ClaudeService.framework */; };
		8E6E5FD38013E4CD9E4739DB /* Buttons.swift in Sources */ = {isa = PBXBuildFile; fileRef = EAE25700511B21F412357DAC /* Buttons.swift */; };
		923628284709FBB5698EDBF7 /* CompareFeature.framework in Embed Frameworks */ = {isa = PBXBuildFile; fileRef = B679B53E89BE699D3C22E923 /* CompareFeature.framework */; settings = {ATTRIBUTES = (CodeSignOnCopy, RemoveHeadersOnCopy, ); }; };
		9491F49905BB0D6119E1A6F4 /* CompareView.swift in Sources */ = {isa = PBXBuildFile; fileRef = D4EAC5E909B31D664D9F8BF5 /* CompareView.swift */; };
		96EFFD8A8999C99CA81C5BB3 /* ContentView.swift in Sources */ = {isa = PBXBuildFile; fileRef = 84152686B1C5118E8710DA2A /* ContentView.swift */; };
		97985E78DDC81A3D109FE09E /* CompareViewModel.swift in Sources */ = {isa = PBXBuildFile; fileRef = EE5F3B7E4F6A3C23B3EBDD00 /* CompareViewModel.swift */; };
		97EFE47F8F8C0BAFC45831D3 /* SettingsView.swift in Sources */ = {isa = PBXBuildFile; fileRef = 1E5095C33D1216812B5E2A06 /* SettingsView.swift */; };
		AD0E4D44DE2EB2FA65658037 /* CompareFeature.framework in Frameworks */ = {isa = PBXBuildFile; fileRef = B679B53E89BE699D3C22E923 /* CompareFeature.framework */; };
		AE3CE6838978AA01EBB9EFE6 /* DesignSystem.framework in Frameworks */ = {isa = PBXBuildFile; fileRef = BE7B78E2609CDD442CEC5357 /* DesignSystem.framework */; };
		BB3D6D8B1E83B82282271D91 /* Core.framework in Embed Frameworks */ = {isa = PBXBuildFile; fileRef = 6CE0CCBB4856C7D257C42C06 /* Core.framework */; settings = {ATTRIBUTES = (CodeSignOnCopy, RemoveHeadersOnCopy, ); }; };
		BFD09E5F1D89286DA96CD03B /* Core.framework in Frameworks */ = {isa = PBXBuildFile; fileRef = 6CE0CCBB4856C7D257C42C06 /* Core.framework */; };
		C2819D7D4D30DFED3A1B1C40 /* Localizable.xcstrings in Resources */ = {isa = PBXBuildFile; fileRef = 560A7AE150B594582F5F3F1E /* Localizable.xcstrings */; };
		C3D31B79D2022D3B3DB7CC03 /* SettingsFeature.framework in Frameworks */ = {isa = PBXBuildFile; fileRef = 8E40EBFD89509A924E63773A /* SettingsFeature.framework */; };
		C3D3508D405627A21E121D01 /* TopProductsFeature.framework in Frameworks */ = {isa = PBXBuildFile; fileRef = 1CE1CFFA1CE718A9AD996876 /* TopProductsFeature.framework */; };
		D6838B2F3698588258A602EB /* ClaudeService.framework in Embed Frameworks */ = {isa = PBXBuildFile; fileRef = E57A6D209DFBB7905352CB58 /* ClaudeService.framework */; settings = {ATTRIBUTES = (CodeSignOnCopy, RemoveHeadersOnCopy, ); }; };
		DA83832C8113AFE08ABD812D /* QueChoisirApp.swift in Sources */ = {isa = PBXBuildFile; fileRef = F04B40D752C2F4FC100F188F /* QueChoisirApp.swift */; };
		EEF111A8F2E2958ABC4A1CE1 /* DesignSystem.framework in Frameworks */ = {isa = PBXBuildFile; fileRef = BE7B78E2609CDD442CEC5357 /* DesignSystem.framework */; };
		F858786D3F74B3682A00715A /* Typography.swift in Sources */ = {isa = PBXBuildFile; fileRef = 7897AB1DE0CD94A8B4B98776 /* Typography.swift */; };
		FA5DCB9D40D53742C8C13201 /* Core.framework in Frameworks */ = {isa = PBXBuildFile; fileRef = 6CE0CCBB4856C7D257C42C06 /* Core.framework */; };
		FAA36107724D505906E34B89 /* DesignSystem.framework in Embed Frameworks */ = {isa = PBXBuildFile; fileRef = BE7B78E2609CDD442CEC5357 /* DesignSystem.framework */; settings = {ATTRIBUTES = (CodeSignOnCopy, RemoveHeadersOnCopy, ); }; };
		FE194844E50A540820C35188 /* Swinject in Frameworks */ = {isa = PBXBuildFile; productRef = C9E601ED289C366AB799434E /* Swinject */; };
/* End PBXBuildFile section */

/* Begin PBXContainerItemProxy section */
		081AB51F4AC81AF5EF9EC78E /* PBXContainerItemProxy */ = {
			isa = PBXContainerItemProxy;
			containerPortal = E02EFA6800A775E0BC1763F2 /* Project object */;
			proxyType = 1;
			remoteGlobalIDString = 34EB4D276142C251CAE66A87;
			remoteInfo = DesignSystem;
		};
		0EF33AF863002D38AF030B26 /* PBXContainerItemProxy */ = {
			isa = PBXContainerItemProxy;
			containerPortal = E02EFA6800A775E0BC1763F2 /* Project object */;
			proxyType = 1;
			remoteGlobalIDString = DD5ABC4EFEC76BAD610FFA70;
			remoteInfo = Core;
		};
		1BC087C8672D0CCDAE6D6C36 /* PBXContainerItemProxy */ = {
			isa = PBXContainerItemProxy;
			containerPortal = E02EFA6800A775E0BC1763F2 /* Project object */;
			proxyType = 1;
			remoteGlobalIDString = 9BCF3DB02489A191A5650F09;
			remoteInfo = SettingsFeature;
		};
		359F3E07F47485D4E77F11A7 /* PBXContainerItemProxy */ = {
			isa = PBXContainerItemProxy;
			containerPortal = E02EFA6800A775E0BC1763F2 /* Project object */;
			proxyType = 1;
			remoteGlobalIDString = 1D08F6D305562280CB0995D8;
			remoteInfo = CompareFeature;
		};
		52EEAE6B16718F848DDE5783 /* PBXContainerItemProxy */ = {
			isa = PBXContainerItemProxy;
			containerPortal = E02EFA6800A775E0BC1763F2 /* Project object */;
			proxyType = 1;
			remoteGlobalIDString = DD5ABC4EFEC76BAD610FFA70;
			remoteInfo = Core;
		};
		56D993FC1BA4474F5ED0B1CB /* PBXContainerItemProxy */ = {
			isa = PBXContainerItemProxy;
			containerPortal = E02EFA6800A775E0BC1763F2 /* Project object */;
			proxyType = 1;
			remoteGlobalIDString = 34EB4D276142C251CAE66A87;
			remoteInfo = DesignSystem;
		};
		89E82213DDFCF0BE01A75BE9 /* PBXContainerItemProxy */ = {
			isa = PBXContainerItemProxy;
			containerPortal = E02EFA6800A775E0BC1763F2 /* Project object */;
			proxyType = 1;
			remoteGlobalIDString = DD5ABC4EFEC76BAD610FFA70;
			remoteInfo = Core;
		};
		8F9FA43BBAF4D71AC7C9358D /* PBXContainerItemProxy */ = {
			isa = PBXContainerItemProxy;
			containerPortal = E02EFA6800A775E0BC1763F2 /* Project object */;
			proxyType = 1;
			remoteGlobalIDString = 34EB4D276142C251CAE66A87;
			remoteInfo = DesignSystem;
		};
		A659268595BA4E117F1F4CA3 /* PBXContainerItemProxy */ = {
			isa = PBXContainerItemProxy;
			containerPortal = E02EFA6800A775E0BC1763F2 /* Project object */;
			proxyType = 1;
			remoteGlobalIDString = C9DA00F4871BC4FC73171458;
			remoteInfo = TopProductsFeature;
		};
		AC6A38BB5D5CFE3F8888AA25 /* PBXContainerItemProxy */ = {
			isa = PBXContainerItemProxy;
			containerPortal = E02EFA6800A775E0BC1763F2 /* Project object */;
			proxyType = 1;
			remoteGlobalIDString = 2E9737657B2E116424257E9B;
			remoteInfo = ClaudeService;
		};
		B061F16E492AA043B732D7A1 /* PBXContainerItemProxy */ = {
			isa = PBXContainerItemProxy;
			containerPortal = E02EFA6800A775E0BC1763F2 /* Project object */;
			proxyType = 1;
			remoteGlobalIDString = DD5ABC4EFEC76BAD610FFA70;
			remoteInfo = Core;
		};
		B2D53421661DBA8C3B824D0F /* PBXContainerItemProxy */ = {
			isa = PBXContainerItemProxy;
			containerPortal = E02EFA6800A775E0BC1763F2 /* Project object */;
			proxyType = 1;
			remoteGlobalIDString = 2E9737657B2E116424257E9B;
			remoteInfo = ClaudeService;
		};
		B6B4107CA4B1BE79A27234C7 /* PBXContainerItemProxy */ = {
			isa = PBXContainerItemProxy;
			containerPortal = E02EFA6800A775E0BC1763F2 /* Project object */;
			proxyType = 1;
			remoteGlobalIDString = 34EB4D276142C251CAE66A87;
			remoteInfo = DesignSystem;
		};
		C8E1A8CDB15C47A8018E6524 /* PBXContainerItemProxy */ = {
			isa = PBXContainerItemProxy;
			containerPortal = E02EFA6800A775E0BC1763F2 /* Project object */;
			proxyType = 1;
			remoteGlobalIDString = DD5ABC4EFEC76BAD610FFA70;
			remoteInfo = Core;
		};
		E841B5A2141C3657E378E1A9 /* PBXContainerItemProxy */ = {
			isa = PBXContainerItemProxy;
			containerPortal = E02EFA6800A775E0BC1763F2 /* Project object */;
			proxyType = 1;
			remoteGlobalIDString = 2E9737657B2E116424257E9B;
			remoteInfo = ClaudeService;
		};
		F0A78388F97820250807F311 /* PBXContainerItemProxy */ = {
			isa = PBXContainerItemProxy;
			containerPortal = E02EFA6800A775E0BC1763F2 /* Project object */;
			proxyType = 1;
			remoteGlobalIDString = 26D540456D78BEC2D023E397;
			remoteInfo = QueChoisir;
		};
/* End PBXContainerItemProxy section */

/* Begin PBXCopyFilesBuildPhase section */
		19A884FBC439EC90192C6931 /* Embed Frameworks */ = {
			isa = PBXCopyFilesBuildPhase;
			buildActionMask = 2147483647;
			dstPath = "";
			dstSubfolderSpec = 10;
			files = (
			);
			name = "Embed Frameworks";
			runOnlyForDeploymentPostprocessing = 0;
		};
		25947AD115E236B590B145CA /* Embed Frameworks */ = {
			isa = PBXCopyFilesBuildPhase;
			buildActionMask = 2147483647;
			dstPath = "";
			dstSubfolderSpec = 10;
			files = (
			);
			name = "Embed Frameworks";
			runOnlyForDeploymentPostprocessing = 0;
		};
		47D06E093859F9055A136527 /* Embed Frameworks */ = {
			isa = PBXCopyFilesBuildPhase;
			buildActionMask = 2147483647;
			dstPath = "";
			dstSubfolderSpec = 10;
			files = (
			);
			name = "Embed Frameworks";
			runOnlyForDeploymentPostprocessing = 0;
		};
		64A3D43C639B44EC4FC81C0E /* Embed Frameworks */ = {
			isa = PBXCopyFilesBuildPhase;
			buildActionMask = 2147483647;
			dstPath = "";
			dstSubfolderSpec = 10;
			files = (
			);
			name = "Embed Frameworks";
			runOnlyForDeploymentPostprocessing = 0;
		};
		85B6B38B267FFDD1085C9637 /* Embed Frameworks */ = {
			isa = PBXCopyFilesBuildPhase;
			buildActionMask = 2147483647;
			dstPath = "";
			dstSubfolderSpec = 10;
			files = (
			);
			name = "Embed Frameworks";
			runOnlyForDeploymentPostprocessing = 0;
		};
		B530E53A033A37CBC3C76787 /* Embed Frameworks */ = {
			isa = PBXCopyFilesBuildPhase;
			buildActionMask = 2147483647;
			dstPath = "";
			dstSubfolderSpec = 10;
			files = (
				D6838B2F3698588258A602EB /* ClaudeService.framework in Embed Frameworks */,
				923628284709FBB5698EDBF7 /* CompareFeature.framework in Embed Frameworks */,
				BB3D6D8B1E83B82282271D91 /* Core.framework in Embed Frameworks */,
				FAA36107724D505906E34B89 /* DesignSystem.framework in Embed Frameworks */,
				842D6898BD1BC7C64E33C769 /* SettingsFeature.framework in Embed Frameworks */,
				5A5036AF51188117212F596F /* TopProductsFeature.framework in Embed Frameworks */,
			);
			name = "Embed Frameworks";
			runOnlyForDeploymentPostprocessing = 0;
		};
		D45A16BEA05FFF22FC6C220F /* Embed Frameworks */ = {
			isa = PBXCopyFilesBuildPhase;
			buildActionMask = 2147483647;
			dstPath = "";
			dstSubfolderSpec = 10;
			files = (
			);
			name = "Embed Frameworks";
			runOnlyForDeploymentPostprocessing = 0;
		};
		F053C23147D7714B8EE8521E /* Embed Frameworks */ = {
			isa = PBXCopyFilesBuildPhase;
			buildActionMask = 2147483647;
			dstPath = "";
			dstSubfolderSpec = 10;
			files = (
			);
			name = "Embed Frameworks";
			runOnlyForDeploymentPostprocessing = 0;
		};
/* End PBXCopyFilesBuildPhase section */

/* Begin PBXFileReference section */
		01FD389F2EA9A419F948A877 /* CompareFeature-Info.plist */ = {isa = PBXFileReference; lastKnownFileType = text.plist; path = "CompareFeature-Info.plist"; sourceTree = "<group>"; };
		08647A04D101528C94A1C6E0 /* TopProductsFeature-Info.plist */ = {isa = PBXFileReference; lastKnownFileType = text.plist; path = "TopProductsFeature-Info.plist"; sourceTree = "<group>"; };
		15CD91D9B523B470ED9425B6 /* TopProductsView.swift */ = {isa = PBXFileReference; lastKnownFileType = sourcecode.swift; path = TopProductsView.swift; sourceTree = "<group>"; };
		17032E1E283F92371653A874 /* ProductModels.swift */ = {isa = PBXFileReference; lastKnownFileType = sourcecode.swift; path = ProductModels.swift; sourceTree = "<group>"; };
		1CE1CFFA1CE718A9AD996876 /* TopProductsFeature.framework */ = {isa = PBXFileReference; explicitFileType = wrapper.framework; includeInIndex = 0; path = TopProductsFeature.framework; sourceTree = BUILT_PRODUCTS_DIR; };
		1E5095C33D1216812B5E2A06 /* SettingsView.swift */ = {isa = PBXFileReference; lastKnownFileType = sourcecode.swift; path = SettingsView.swift; sourceTree = "<group>"; };
		560A7AE150B594582F5F3F1E /* Localizable.xcstrings */ = {isa = PBXFileReference; path = Localizable.xcstrings; sourceTree = "<group>"; };
		66012C4797C4C4696348E02D /* SettingsFeature-Info.plist */ = {isa = PBXFileReference; lastKnownFileType = text.plist; path = "SettingsFeature-Info.plist"; sourceTree = "<group>"; };
		6C5FEDB03573C0B3FEDB5378 /* Colors.swift */ = {isa = PBXFileReference; lastKnownFileType = sourcecode.swift; path = Colors.swift; sourceTree = "<group>"; };
		6CE0CCBB4856C7D257C42C06 /* Core.framework */ = {isa = PBXFileReference; explicitFileType = wrapper.framework; includeInIndex = 0; path = Core.framework; sourceTree = BUILT_PRODUCTS_DIR; };
		727AAD139A42969D2177B501 /* QueChoisir.app */ = {isa = PBXFileReference; explicitFileType = wrapper.application; includeInIndex = 0; path = QueChoisir.app; sourceTree = BUILT_PRODUCTS_DIR; };
		7383874F0709692850541EB2 /* TuistBundle+DesignSystem.swift */ = {isa = PBXFileReference; lastKnownFileType = sourcecode.swift; path = "TuistBundle+DesignSystem.swift"; sourceTree = "<group>"; };
		7897AB1DE0CD94A8B4B98776 /* Typography.swift */ = {isa = PBXFileReference; lastKnownFileType = sourcecode.swift; path = Typography.swift; sourceTree = "<group>"; };
		84152686B1C5118E8710DA2A /* ContentView.swift */ = {isa = PBXFileReference; lastKnownFileType = sourcecode.swift; path = ContentView.swift; sourceTree = "<group>"; };
		8E40EBFD89509A924E63773A /* SettingsFeature.framework */ = {isa = PBXFileReference; explicitFileType = wrapper.framework; includeInIndex = 0; path = SettingsFeature.framework; sourceTree = BUILT_PRODUCTS_DIR; };
		903311201AF1963C8BA0221E /* DependencyContainer.swift */ = {isa = PBXFileReference; lastKnownFileType = sourcecode.swift; path = DependencyContainer.swift; sourceTree = "<group>"; };
		9F8D8716448C44C411C7B665 /* Spacing.swift */ = {isa = PBXFileReference; lastKnownFileType = sourcecode.swift; path = Spacing.swift; sourceTree = "<group>"; };
		A1A2F56D673C8BC85B56FA23 /* Debug.xcconfig */ = {isa = PBXFileReference; lastKnownFileType = text.xcconfig; path = Debug.xcconfig; sourceTree = "<group>"; };
		A3E7DA6C993CAB7204516C29 /* ClaudeService-Info.plist */ = {isa = PBXFileReference; lastKnownFileType = text.plist; path = "ClaudeService-Info.plist"; sourceTree = "<group>"; };
		B679B53E89BE699D3C22E923 /* CompareFeature.framework */ = {isa = PBXFileReference; explicitFileType = wrapper.framework; includeInIndex = 0; path = CompareFeature.framework; sourceTree = BUILT_PRODUCTS_DIR; };
		B88FB763426BBA92B67C633A /* ClaudeService.swift */ = {isa = PBXFileReference; lastKnownFileType = sourcecode.swift; path = ClaudeService.swift; sourceTree = "<group>"; };
		BE7B78E2609CDD442CEC5357 /* DesignSystem.framework */ = {isa = PBXFileReference; explicitFileType = wrapper.framework; includeInIndex = 0; path = DesignSystem.framework; sourceTree = BUILT_PRODUCTS_DIR; };
		CAB4B7D4109217596A594AF1 /* QueChoisir-Info.plist */ = {isa = PBXFileReference; lastKnownFileType = text.plist; path = "QueChoisir-Info.plist"; sourceTree = "<group>"; };
		CBACC3E08A2C8825319EF871 /* DesignSystem-Info.plist */ = {isa = PBXFileReference; lastKnownFileType = text.plist; path = "DesignSystem-Info.plist"; sourceTree = "<group>"; };
		D2A7A02E17EB25F692B8B7D0 /* QueChoisirTests.xctest */ = {isa = PBXFileReference; explicitFileType = wrapper.cfbundle; includeInIndex = 0; path = QueChoisirTests.xctest; sourceTree = BUILT_PRODUCTS_DIR; };
		D4EAC5E909B31D664D9F8BF5 /* CompareView.swift */ = {isa = PBXFileReference; lastKnownFileType = sourcecode.swift; path = CompareView.swift; sourceTree = "<group>"; };
		DDE128EF1E9846953601CD52 /* Release.xcconfig */ = {isa = PBXFileReference; lastKnownFileType = text.xcconfig; path = Release.xcconfig; sourceTree = "<group>"; };
		E57A6D209DFBB7905352CB58 /* ClaudeService.framework */ = {isa = PBXFileReference; explicitFileType = wrapper.framework; includeInIndex = 0; path = ClaudeService.framework; sourceTree = BUILT_PRODUCTS_DIR; };
		E5DDB6ECF236C6FF0EB4857C /* QueChoisirTests-Info.plist */ = {isa = PBXFileReference; lastKnownFileType = text.plist; path = "QueChoisirTests-Info.plist"; sourceTree = "<group>"; };
		EAE25700511B21F412357DAC /* Buttons.swift */ = {isa = PBXFileReference; lastKnownFileType = sourcecode.swift; path = Buttons.swift; sourceTree = "<group>"; };
		EBB7377F64AF59DCFFD24FD3 /* TopProductsViewModel.swift */ = {isa = PBXFileReference; lastKnownFileType = sourcecode.swift; path = TopProductsViewModel.swift; sourceTree = "<group>"; };
		ECBF85BEAD0B20495F1C5951 /* SettingsViewModel.swift */ = {isa = PBXFileReference; lastKnownFileType = sourcecode.swift; path = SettingsViewModel.swift; sourceTree = "<group>"; };
		EE5F3B7E4F6A3C23B3EBDD00 /* CompareViewModel.swift */ = {isa = PBXFileReference; lastKnownFileType = sourcecode.swift; path = CompareViewModel.swift; sourceTree = "<group>"; };
		F04B40D752C2F4FC100F188F /* QueChoisirApp.swift */ = {isa = PBXFileReference; lastKnownFileType = sourcecode.swift; path = QueChoisirApp.swift; sourceTree = "<group>"; };
		F3CD78BCD82E0A3E8BC31404 /* Core-Info.plist */ = {isa = PBXFileReference; lastKnownFileType = text.plist; path = "Core-Info.plist"; sourceTree = "<group>"; };
/* End PBXFileReference section */

/* Begin PBXFrameworksBuildPhase section */
		46AA7C3E7CC7EF7E07836780 /* Frameworks */ = {
			isa = PBXFrameworksBuildPhase;
			buildActionMask = 2147483647;
			files = (
				559D84BEAFFD2213861CBD67 /* Core.framework in Frameworks */,
				12108CF34A49AD8BB9EE8822 /* SwiftAnthropic in Frameworks */,
				5A2A59652CC674225597E0CA /* Swinject in Frameworks */,
			);
			runOnlyForDeploymentPostprocessing = 0;
		};
		47ECEBD82BE8E3506011FF55 /* Frameworks */ = {
			isa = PBXFrameworksBuildPhase;
			buildActionMask = 2147483647;
			files = (
				72E0ADC41F8931B9C6F226B6 /* ClaudeService.framework in Frameworks */,
				BFD09E5F1D89286DA96CD03B /* Core.framework in Frameworks */,
				88FF28091DE17F87762352BF /* DesignSystem.framework in Frameworks */,
			);
			runOnlyForDeploymentPostprocessing = 0;
		};
		7B73916F22D8DFBDD120E0E2 /* Frameworks */ = {
			isa = PBXFrameworksBuildPhase;
			buildActionMask = 2147483647;
			files = (
			);
			runOnlyForDeploymentPostprocessing = 0;
		};
		9C842736105434B837D39478 /* Frameworks */ = {
			isa = PBXFrameworksBuildPhase;
			buildActionMask = 2147483647;
			files = (
				8E39870BAE89867ACAF9129B /* ClaudeService.framework in Frameworks */,
				2339ACBDB2DB272CCB2F2989 /* Core.framework in Frameworks */,
				EEF111A8F2E2958ABC4A1CE1 /* DesignSystem.framework in Frameworks */,
			);
			runOnlyForDeploymentPostprocessing = 0;
		};
		A6E238D61A399345921BC52E /* Frameworks */ = {
			isa = PBXFrameworksBuildPhase;
			buildActionMask = 2147483647;
			files = (
				FE194844E50A540820C35188 /* Swinject in Frameworks */,
			);
			runOnlyForDeploymentPostprocessing = 0;
		};
		B0EA1E2C3221364172F0CE3E /* Frameworks */ = {
			isa = PBXFrameworksBuildPhase;
			buildActionMask = 2147483647;
			files = (
				FA5DCB9D40D53742C8C13201 /* Core.framework in Frameworks */,
				AE3CE6838978AA01EBB9EFE6 /* DesignSystem.framework in Frameworks */,
			);
			runOnlyForDeploymentPostprocessing = 0;
		};
		EF936DF2942DB0B5E620DBEF /* Frameworks */ = {
			isa = PBXFrameworksBuildPhase;
			buildActionMask = 2147483647;
			files = (
				2D53261BCCAEC79667468633 /* ClaudeService.framework in Frameworks */,
				AD0E4D44DE2EB2FA65658037 /* CompareFeature.framework in Frameworks */,
				310ADA9A641C6D96B384C18C /* Core.framework in Frameworks */,
				7CE02915CBB464583B656695 /* DesignSystem.framework in Frameworks */,
				C3D31B79D2022D3B3DB7CC03 /* SettingsFeature.framework in Frameworks */,
				C3D3508D405627A21E121D01 /* TopProductsFeature.framework in Frameworks */,
				5730D4FC22BB4A9354EAC430 /* Swinject in Frameworks */,
			);
			runOnlyForDeploymentPostprocessing = 0;
		};
		FE8BF6CF871DF19219C6C38C /* Frameworks */ = {
			isa = PBXFrameworksBuildPhase;
			buildActionMask = 2147483647;
			files = (
			);
			runOnlyForDeploymentPostprocessing = 0;
		};
/* End PBXFrameworksBuildPhase section */

/* Begin PBXGroup section */
		057DDDB373124F21C231DA58 /* Sources */ = {
			isa = PBXGroup;
			children = (
				1E5095C33D1216812B5E2A06 /* SettingsView.swift */,
				ECBF85BEAD0B20495F1C5951 /* SettingsViewModel.swift */,
			);
			path = Sources;
			sourceTree = "<group>";
		};
		0DFF54A14C45882D21D4EB12 /* Sources */ = {
			isa = PBXGroup;
			children = (
				84152686B1C5118E8710DA2A /* ContentView.swift */,
				F04B40D752C2F4FC100F188F /* QueChoisirApp.swift */,
			);
			path = Sources;
			sourceTree = "<group>";
		};
		1F5120697F34DE65839DAD4D = {
			isa = PBXGroup;
			children = (
				3EE3B63909EA003111DF3519 /* Project */,
				242B34848BF6F0C676AEFD2A /* Products */,
			);
			sourceTree = "<group>";
		};
		242B34848BF6F0C676AEFD2A /* Products */ = {
			isa = PBXGroup;
			children = (
				E57A6D209DFBB7905352CB58 /* ClaudeService.framework */,
				B679B53E89BE699D3C22E923 /* CompareFeature.framework */,
				6CE0CCBB4856C7D257C42C06 /* Core.framework */,
				BE7B78E2609CDD442CEC5357 /* DesignSystem.framework */,
				727AAD139A42969D2177B501 /* QueChoisir.app */,
				D2A7A02E17EB25F692B8B7D0 /* QueChoisirTests.xctest */,
				8E40EBFD89509A924E63773A /* SettingsFeature.framework */,
				1CE1CFFA1CE718A9AD996876 /* TopProductsFeature.framework */,
			);
			name = Products;
			sourceTree = "<group>";
		};
		2E04D9B87471B1F9D0A68222 /* InfoPlists */ = {
			isa = PBXGroup;
			children = (
				A3E7DA6C993CAB7204516C29 /* ClaudeService-Info.plist */,
				01FD389F2EA9A419F948A877 /* CompareFeature-Info.plist */,
				F3CD78BCD82E0A3E8BC31404 /* Core-Info.plist */,
				CBACC3E08A2C8825319EF871 /* DesignSystem-Info.plist */,
				CAB4B7D4109217596A594AF1 /* QueChoisir-Info.plist */,
				E5DDB6ECF236C6FF0EB4857C /* QueChoisirTests-Info.plist */,
				66012C4797C4C4696348E02D /* SettingsFeature-Info.plist */,
				08647A04D101528C94A1C6E0 /* TopProductsFeature-Info.plist */,
			);
			path = InfoPlists;
			sourceTree = "<group>";
		};
		2F931131D36CBA6D7DBB76CD /* Configurations */ = {
			isa = PBXGroup;
			children = (
				A1A2F56D673C8BC85B56FA23 /* Debug.xcconfig */,
				DDE128EF1E9846953601CD52 /* Release.xcconfig */,
			);
			path = Configurations;
			sourceTree = "<group>";
		};
		329BB87623E9169EDE781A9C /* Sources */ = {
			isa = PBXGroup;
			children = (
				EAE25700511B21F412357DAC /* Buttons.swift */,
				6C5FEDB03573C0B3FEDB5378 /* Colors.swift */,
				9F8D8716448C44C411C7B665 /* Spacing.swift */,
				7897AB1DE0CD94A8B4B98776 /* Typography.swift */,
			);
			path = Sources;
			sourceTree = "<group>";
		};
		39401B16FBFE9206118192DA /* Sources */ = {
			isa = PBXGroup;
			children = (
				7383874F0709692850541EB2 /* TuistBundle+DesignSystem.swift */,
			);
			path = Sources;
			sourceTree = "<group>";
		};
		3EE3B63909EA003111DF3519 /* Project */ = {
			isa = PBXGroup;
			children = (
				C243F8B46405A43DEEB4ACC5 /* App */,
				6183338E25E29BF12D5CDBB6 /* ClaudeService */,
				F133F72975CF5EC0FA58E5F4 /* CompareFeature */,
				2F931131D36CBA6D7DBB76CD /* Configurations */,
				52F9DC92F08AA8D75A176010 /* Core */,
				691133D0A04E1DDD396D3B4A /* Derived */,
				AAA8B706F3F73C7A1CF42CEF /* DesignSystem */,
				4D05B23A9A3F50BAE91E952E /* SettingsFeature */,
				514C385BEE391AC37DEB2412 /* TopProductsFeature */,
			);
			name = Project;
			sourceTree = "<group>";
		};
		4D05B23A9A3F50BAE91E952E /* SettingsFeature */ = {
			isa = PBXGroup;
			children = (
				057DDDB373124F21C231DA58 /* Sources */,
			);
			path = SettingsFeature;
			sourceTree = "<group>";
		};
		514C385BEE391AC37DEB2412 /* TopProductsFeature */ = {
			isa = PBXGroup;
			children = (
				C9378B62C93D4415A7BE78FA /* Sources */,
			);
			path = TopProductsFeature;
			sourceTree = "<group>";
		};
		52F9DC92F08AA8D75A176010 /* Core */ = {
			isa = PBXGroup;
			children = (
				537EFF086B9083E83ABD20BD /* Sources */,
			);
			path = Core;
			sourceTree = "<group>";
		};
		537EFF086B9083E83ABD20BD /* Sources */ = {
			isa = PBXGroup;
			children = (
				903311201AF1963C8BA0221E /* DependencyContainer.swift */,
				17032E1E283F92371653A874 /* ProductModels.swift */,
			);
			path = Sources;
			sourceTree = "<group>";
		};
		6183338E25E29BF12D5CDBB6 /* ClaudeService */ = {
			isa = PBXGroup;
			children = (
				C50E324BA0DF2B1DDA4A6718 /* Sources */,
			);
			path = ClaudeService;
			sourceTree = "<group>";
		};
		691133D0A04E1DDD396D3B4A /* Derived */ = {
			isa = PBXGroup;
			children = (
				2E04D9B87471B1F9D0A68222 /* InfoPlists */,
				39401B16FBFE9206118192DA /* Sources */,
			);
			path = Derived;
			sourceTree = "<group>";
		};
		824A3A1A64D57AEFC0BC632F /* Sources */ = {
			isa = PBXGroup;
			children = (
				D4EAC5E909B31D664D9F8BF5 /* CompareView.swift */,
				EE5F3B7E4F6A3C23B3EBDD00 /* CompareViewModel.swift */,
			);
			path = Sources;
			sourceTree = "<group>";
		};
		AAA8B706F3F73C7A1CF42CEF /* DesignSystem */ = {
			isa = PBXGroup;
			children = (
				B23A61322F721553E556A428 /* Resources */,
				329BB87623E9169EDE781A9C /* Sources */,
			);
			path = DesignSystem;
			sourceTree = "<group>";
		};
		B23A61322F721553E556A428 /* Resources */ = {
			isa = PBXGroup;
			children = (
				560A7AE150B594582F5F3F1E /* Localizable.xcstrings */,
			);
			path = Resources;
			sourceTree = "<group>";
		};
		C243F8B46405A43DEEB4ACC5 /* App */ = {
			isa = PBXGroup;
			children = (
				0DFF54A14C45882D21D4EB12 /* Sources */,
			);
			path = App;
			sourceTree = "<group>";
		};
		C50E324BA0DF2B1DDA4A6718 /* Sources */ = {
			isa = PBXGroup;
			children = (
				B88FB763426BBA92B67C633A /* ClaudeService.swift */,
			);
			path = Sources;
			sourceTree = "<group>";
		};
		C9378B62C93D4415A7BE78FA /* Sources */ = {
			isa = PBXGroup;
			children = (
				15CD91D9B523B470ED9425B6 /* TopProductsView.swift */,
				EBB7377F64AF59DCFFD24FD3 /* TopProductsViewModel.swift */,
			);
			path = Sources;
			sourceTree = "<group>";
		};
		F133F72975CF5EC0FA58E5F4 /* CompareFeature */ = {
			isa = PBXGroup;
			children = (
				824A3A1A64D57AEFC0BC632F /* Sources */,
			);
			path = CompareFeature;
			sourceTree = "<group>";
		};
/* End PBXGroup section */

/* Begin PBXNativeTarget section */
		1D08F6D305562280CB0995D8 /* CompareFeature */ = {
			isa = PBXNativeTarget;
			buildConfigurationList = F9593D4B903F522034B09FFC /* Build configuration list for PBXNativeTarget "CompareFeature" */;
			buildPhases = (
				0D12E3A6B8F5478255C3445D /* Sources */,
				FF7B887BD960C212826DB3A6 /* Resources */,
				47ECEBD82BE8E3506011FF55 /* Frameworks */,
				64A3D43C639B44EC4FC81C0E /* Embed Frameworks */,
			);
			buildRules = (
			);
			dependencies = (
				F826C8BD4806CD2A882A2EDE /* PBXTargetDependency */,
				1F40A2D57299B3164FDDF40E /* PBXTargetDependency */,
				9427F7352BF55BE98F15FAB3 /* PBXTargetDependency */,
			);
			name = CompareFeature;
			packageProductDependencies = (
			);
			productName = CompareFeature;
			productReference = B679B53E89BE699D3C22E923 /* CompareFeature.framework */;
			productType = "com.apple.product-type.framework";
		};
		26D540456D78BEC2D023E397 /* QueChoisir */ = {
			isa = PBXNativeTarget;
			buildConfigurationList = 50F1BC87C2390EC04E727782 /* Build configuration list for PBXNativeTarget "QueChoisir" */;
			buildPhases = (
				CF1DE4195A097E1B5B1335D4 /* Sources */,
				442361FCB3651CF2E47C8C12 /* Resources */,
				EF936DF2942DB0B5E620DBEF /* Frameworks */,
				B530E53A033A37CBC3C76787 /* Embed Frameworks */,
			);
			buildRules = (
			);
			dependencies = (
				3FBAF7B41A59983BC9EF94F6 /* PBXTargetDependency */,
				A4688ACF9844C10EB521D52B /* PBXTargetDependency */,
				A144DDF4F9FBBA28FDE1B792 /* PBXTargetDependency */,
				3E2EADEFA44BF7C4654462FF /* PBXTargetDependency */,
				2DE35F7C882F4B5EE6E01A46 /* PBXTargetDependency */,
				2CFF33359BF8782DF2B72A68 /* PBXTargetDependency */,
			);
			name = QueChoisir;
			packageProductDependencies = (
				83CCAB803A790E16322C96F9 /* Swinject */,
			);
			productName = QueChoisir;
			productReference = 727AAD139A42969D2177B501 /* QueChoisir.app */;
			productType = "com.apple.product-type.application";
		};
		2E9737657B2E116424257E9B /* ClaudeService */ = {
			isa = PBXNativeTarget;
			buildConfigurationList = 1A1AC433B5C4E98C3EFC6159 /* Build configuration list for PBXNativeTarget "ClaudeService" */;
			buildPhases = (
				DB6CECD36EF3DF193FAABD0A /* Sources */,
				B956AB1106B29BC64A809562 /* Resources */,
				46AA7C3E7CC7EF7E07836780 /* Frameworks */,
				85B6B38B267FFDD1085C9637 /* Embed Frameworks */,
			);
			buildRules = (
			);
			dependencies = (
				19E51BE4E186131364FB8D8B /* PBXTargetDependency */,
			);
			name = ClaudeService;
			packageProductDependencies = (
				E726D85E00C029AAAF836BF4 /* SwiftAnthropic */,
				27DB7BB2042450E24FAE2F56 /* Swinject */,
			);
			productName = ClaudeService;
			productReference = E57A6D209DFBB7905352CB58 /* ClaudeService.framework */;
			productType = "com.apple.product-type.framework";
		};
		34EB4D276142C251CAE66A87 /* DesignSystem */ = {
			isa = PBXNativeTarget;
			buildConfigurationList = 26514F3680FFEDB7125E3B72 /* Build configuration list for PBXNativeTarget "DesignSystem" */;
			buildPhases = (
				9F142AD2267757113DCCF19B /* Sources */,
				35F2B8519BC9C288EDAD2536 /* Resources */,
				7B73916F22D8DFBDD120E0E2 /* Frameworks */,
				25947AD115E236B590B145CA /* Embed Frameworks */,
			);
			buildRules = (
			);
			dependencies = (
			);
			name = DesignSystem;
			packageProductDependencies = (
			);
			productName = DesignSystem;
			productReference = BE7B78E2609CDD442CEC5357 /* DesignSystem.framework */;
			productType = "com.apple.product-type.framework";
		};
		571D025CA281797EF0F3A5AA /* QueChoisirTests */ = {
			isa = PBXNativeTarget;
			buildConfigurationList = 9BE3CE52C8F778CB315DA5CD /* Build configuration list for PBXNativeTarget "QueChoisirTests" */;
			buildPhases = (
				CB13ACD9A07853D9348041FA /* Sources */,
				B9BB775C5DEC4D1C81C93CB1 /* Resources */,
				FE8BF6CF871DF19219C6C38C /* Frameworks */,
				F053C23147D7714B8EE8521E /* Embed Frameworks */,
			);
			buildRules = (
			);
			dependencies = (
				96450A25321D6EA723DFC0F4 /* PBXTargetDependency */,
			);
			name = QueChoisirTests;
			packageProductDependencies = (
			);
			productName = QueChoisirTests;
			productReference = D2A7A02E17EB25F692B8B7D0 /* QueChoisirTests.xctest */;
			productType = "com.apple.product-type.bundle.unit-test";
		};
		9BCF3DB02489A191A5650F09 /* SettingsFeature */ = {
			isa = PBXNativeTarget;
			buildConfigurationList = 25D3E7624A43F228F12F9114 /* Build configuration list for PBXNativeTarget "SettingsFeature" */;
			buildPhases = (
				B38C8D9A8653E63AFF0751FB /* Sources */,
				4CE2D989A667332A1B64393C /* Resources */,
				B0EA1E2C3221364172F0CE3E /* Frameworks */,
				19A884FBC439EC90192C6931 /* Embed Frameworks */,
			);
			buildRules = (
			);
			dependencies = (
				4A7488850BEA5DD9B65469AC /* PBXTargetDependency */,
				8532D6F1B00F3B1BD3D9F33A /* PBXTargetDependency */,
			);
			name = SettingsFeature;
			packageProductDependencies = (
			);
			productName = SettingsFeature;
			productReference = 8E40EBFD89509A924E63773A /* SettingsFeature.framework */;
			productType = "com.apple.product-type.framework";
		};
		C9DA00F4871BC4FC73171458 /* TopProductsFeature */ = {
			isa = PBXNativeTarget;
			buildConfigurationList = B6B10D4F12EBB168813E7388 /* Build configuration list for PBXNativeTarget "TopProductsFeature" */;
			buildPhases = (
				D00EDBBA94D1F262AEE7CF3B /* Sources */,
				86197A0F00927FCCDE39952C /* Resources */,
				9C842736105434B837D39478 /* Frameworks */,
				D45A16BEA05FFF22FC6C220F /* Embed Frameworks */,
			);
			buildRules = (
			);
			dependencies = (
				8C5CA90F3FF8811354EB2BBC /* PBXTargetDependency */,
				6FF62C374BF21B0F36382A90 /* PBXTargetDependency */,
				843202067E17000AF8C709D2 /* PBXTargetDependency */,
			);
			name = TopProductsFeature;
			packageProductDependencies = (
			);
			productName = TopProductsFeature;
			productReference = 1CE1CFFA1CE718A9AD996876 /* TopProductsFeature.framework */;
			productType = "com.apple.product-type.framework";
		};
		DD5ABC4EFEC76BAD610FFA70 /* Core */ = {
			isa = PBXNativeTarget;
			buildConfigurationList = 3324DA9AB201507ECD67123A /* Build configuration list for PBXNativeTarget "Core" */;
			buildPhases = (
				E07D3BBE7BF2F22EDA171FF6 /* Sources */,
				4A7F5810636D289E5B377625 /* Resources */,
				A6E238D61A399345921BC52E /* Frameworks */,
				47D06E093859F9055A136527 /* Embed Frameworks */,
			);
			buildRules = (
			);
			dependencies = (
			);
			name = Core;
			packageProductDependencies = (
				C9E601ED289C366AB799434E /* Swinject */,
			);
			productName = Core;
			productReference = 6CE0CCBB4856C7D257C42C06 /* Core.framework */;
			productType = "com.apple.product-type.framework";
		};
/* End PBXNativeTarget section */

/* Begin PBXProject section */
		E02EFA6800A775E0BC1763F2 /* Project object */ = {
			isa = PBXProject;
			attributes = {
				BuildIndependentTargetsInParallel = YES;
				TargetAttributes = {
					571D025CA281797EF0F3A5AA = {
						TestTargetID = 26D540456D78BEC2D023E397;
					};
				};
			};
			buildConfigurationList = 374E1940A21CBD439A0C5191 /* Build configuration list for PBXProject "QueChoisir" */;
			compatibilityVersion = "Xcode 14.0";
			developmentRegion = en;
			hasScannedForEncodings = 0;
			knownRegions = (
				Base,
				en,
			);
			mainGroup = 1F5120697F34DE65839DAD4D;
			packageReferences = (
				3A4C5D8E295A4BDD67D7A96C /* XCRemoteSwiftPackageReference "Swinject" */,
				5814600D3A5B72A75376383E /* XCRemoteSwiftPackageReference "SwiftAnthropic" */,
			);
			productRefGroup = 242B34848BF6F0C676AEFD2A /* Products */;
			projectDirPath = "";
			projectRoot = "";
			targets = (
				2E9737657B2E116424257E9B /* ClaudeService */,
				1D08F6D305562280CB0995D8 /* CompareFeature */,
				DD5ABC4EFEC76BAD610FFA70 /* Core */,
				34EB4D276142C251CAE66A87 /* DesignSystem */,
				26D540456D78BEC2D023E397 /* QueChoisir */,
				571D025CA281797EF0F3A5AA /* QueChoisirTests */,
				9BCF3DB02489A191A5650F09 /* SettingsFeature */,
				C9DA00F4871BC4FC73171458 /* TopProductsFeature */,
			);
		};
/* End PBXProject section */

/* Begin PBXResourcesBuildPhase section */
		35F2B8519BC9C288EDAD2536 /* Resources */ = {
			isa = PBXResourcesBuildPhase;
			buildActionMask = 2147483647;
			files = (
				C2819D7D4D30DFED3A1B1C40 /* Localizable.xcstrings in Resources */,
			);
			runOnlyForDeploymentPostprocessing = 0;
		};
		442361FCB3651CF2E47C8C12 /* Resources */ = {
			isa = PBXResourcesBuildPhase;
			buildActionMask = 2147483647;
			files = (
			);
			runOnlyForDeploymentPostprocessing = 0;
		};
		4A7F5810636D289E5B377625 /* Resources */ = {
			isa = PBXResourcesBuildPhase;
			buildActionMask = 2147483647;
			files = (
			);
			runOnlyForDeploymentPostprocessing = 0;
		};
		4CE2D989A667332A1B64393C /* Resources */ = {
			isa = PBXResourcesBuildPhase;
			buildActionMask = 2147483647;
			files = (
			);
			runOnlyForDeploymentPostprocessing = 0;
		};
		86197A0F00927FCCDE39952C /* Resources */ = {
			isa = PBXResourcesBuildPhase;
			buildActionMask = 2147483647;
			files = (
			);
			runOnlyForDeploymentPostprocessing = 0;
		};
		B956AB1106B29BC64A809562 /* Resources */ = {
			isa = PBXResourcesBuildPhase;
			buildActionMask = 2147483647;
			files = (
			);
			runOnlyForDeploymentPostprocessing = 0;
		};
		B9BB775C5DEC4D1C81C93CB1 /* Resources */ = {
			isa = PBXResourcesBuildPhase;
			buildActionMask = 2147483647;
			files = (
			);
			runOnlyForDeploymentPostprocessing = 0;
		};
		FF7B887BD960C212826DB3A6 /* Resources */ = {
			isa = PBXResourcesBuildPhase;
			buildActionMask = 2147483647;
			files = (
			);
			runOnlyForDeploymentPostprocessing = 0;
		};
/* End PBXResourcesBuildPhase section */

/* Begin PBXSourcesBuildPhase section */
		0D12E3A6B8F5478255C3445D /* Sources */ = {
			isa = PBXSourcesBuildPhase;
			buildActionMask = 2147483647;
			files = (
				9491F49905BB0D6119E1A6F4 /* CompareView.swift in Sources */,
				97985E78DDC81A3D109FE09E /* CompareViewModel.swift in Sources */,
			);
			runOnlyForDeploymentPostprocessing = 0;
		};
		9F142AD2267757113DCCF19B /* Sources */ = {
			isa = PBXSourcesBuildPhase;
			buildActionMask = 2147483647;
			files = (
				2E6B38154C84272BAB65F43C /* TuistBundle+DesignSystem.swift in Sources */,
				8E6E5FD38013E4CD9E4739DB /* Buttons.swift in Sources */,
				80670CC1AEF2C4BED69BD668 /* Colors.swift in Sources */,
				295CB1EA53C627EC5A5F2F5B /* Spacing.swift in Sources */,
				F858786D3F74B3682A00715A /* Typography.swift in Sources */,
			);
			runOnlyForDeploymentPostprocessing = 0;
		};
		B38C8D9A8653E63AFF0751FB /* Sources */ = {
			isa = PBXSourcesBuildPhase;
			buildActionMask = 2147483647;
			files = (
				97EFE47F8F8C0BAFC45831D3 /* SettingsView.swift in Sources */,
				136E0075BF183F87EDF982DC /* SettingsViewModel.swift in Sources */,
			);
			runOnlyForDeploymentPostprocessing = 0;
		};
		CB13ACD9A07853D9348041FA /* Sources */ = {
			isa = PBXSourcesBuildPhase;
			buildActionMask = 2147483647;
			files = (
			);
			runOnlyForDeploymentPostprocessing = 0;
		};
		CF1DE4195A097E1B5B1335D4 /* Sources */ = {
			isa = PBXSourcesBuildPhase;
			buildActionMask = 2147483647;
			files = (
				96EFFD8A8999C99CA81C5BB3 /* ContentView.swift in Sources */,
				DA83832C8113AFE08ABD812D /* QueChoisirApp.swift in Sources */,
			);
			runOnlyForDeploymentPostprocessing = 0;
		};
		D00EDBBA94D1F262AEE7CF3B /* Sources */ = {
			isa = PBXSourcesBuildPhase;
			buildActionMask = 2147483647;
			files = (
				22432AB06C67A550758FB110 /* TopProductsView.swift in Sources */,
				604C7C9246AC5658C81ABD6B /* TopProductsViewModel.swift in Sources */,
			);
			runOnlyForDeploymentPostprocessing = 0;
		};
		DB6CECD36EF3DF193FAABD0A /* Sources */ = {
			isa = PBXSourcesBuildPhase;
			buildActionMask = 2147483647;
			files = (
				36B79F4C946F664BA0169433 /* ClaudeService.swift in Sources */,
			);
			runOnlyForDeploymentPostprocessing = 0;
		};
		E07D3BBE7BF2F22EDA171FF6 /* Sources */ = {
			isa = PBXSourcesBuildPhase;
			buildActionMask = 2147483647;
			files = (
				11092C2A2A4A8A757C2D5C27 /* DependencyContainer.swift in Sources */,
				27311DADE375F7DB655AAE46 /* ProductModels.swift in Sources */,
			);
			runOnlyForDeploymentPostprocessing = 0;
		};
/* End PBXSourcesBuildPhase section */

/* Begin PBXTargetDependency section */
		19E51BE4E186131364FB8D8B /* PBXTargetDependency */ = {
			isa = PBXTargetDependency;
			name = Core;
			target = DD5ABC4EFEC76BAD610FFA70 /* Core */;
			targetProxy = 0EF33AF863002D38AF030B26 /* PBXContainerItemProxy */;
		};
		1F40A2D57299B3164FDDF40E /* PBXTargetDependency */ = {
			isa = PBXTargetDependency;
			name = Core;
			target = DD5ABC4EFEC76BAD610FFA70 /* Core */;
			targetProxy = B061F16E492AA043B732D7A1 /* PBXContainerItemProxy */;
		};
		2CFF33359BF8782DF2B72A68 /* PBXTargetDependency */ = {
			isa = PBXTargetDependency;
			name = TopProductsFeature;
			target = C9DA00F4871BC4FC73171458 /* TopProductsFeature */;
			targetProxy = A659268595BA4E117F1F4CA3 /* PBXContainerItemProxy */;
		};
		2DE35F7C882F4B5EE6E01A46 /* PBXTargetDependency */ = {
			isa = PBXTargetDependency;
			name = SettingsFeature;
			target = 9BCF3DB02489A191A5650F09 /* SettingsFeature */;
			targetProxy = 1BC087C8672D0CCDAE6D6C36 /* PBXContainerItemProxy */;
		};
		3E2EADEFA44BF7C4654462FF /* PBXTargetDependency */ = {
			isa = PBXTargetDependency;
			name = DesignSystem;
			target = 34EB4D276142C251CAE66A87 /* DesignSystem */;
			targetProxy = 56D993FC1BA4474F5ED0B1CB /* PBXContainerItemProxy */;
		};
		3FBAF7B41A59983BC9EF94F6 /* PBXTargetDependency */ = {
			isa = PBXTargetDependency;
			name = ClaudeService;
			target = 2E9737657B2E116424257E9B /* ClaudeService */;
			targetProxy = AC6A38BB5D5CFE3F8888AA25 /* PBXContainerItemProxy */;
		};
		4A7488850BEA5DD9B65469AC /* PBXTargetDependency */ = {
			isa = PBXTargetDependency;
			name = Core;
			target = DD5ABC4EFEC76BAD610FFA70 /* Core */;
			targetProxy = 52EEAE6B16718F848DDE5783 /* PBXContainerItemProxy */;
		};
		6FF62C374BF21B0F36382A90 /* PBXTargetDependency */ = {
			isa = PBXTargetDependency;
			name = Core;
			target = DD5ABC4EFEC76BAD610FFA70 /* Core */;
			targetProxy = C8E1A8CDB15C47A8018E6524 /* PBXContainerItemProxy */;
		};
		843202067E17000AF8C709D2 /* PBXTargetDependency */ = {
			isa = PBXTargetDependency;
			name = DesignSystem;
			target = 34EB4D276142C251CAE66A87 /* DesignSystem */;
			targetProxy = B6B4107CA4B1BE79A27234C7 /* PBXContainerItemProxy */;
		};
		8532D6F1B00F3B1BD3D9F33A /* PBXTargetDependency */ = {
			isa = PBXTargetDependency;
			name = DesignSystem;
			target = 34EB4D276142C251CAE66A87 /* DesignSystem */;
			targetProxy = 8F9FA43BBAF4D71AC7C9358D /* PBXContainerItemProxy */;
		};
		8C5CA90F3FF8811354EB2BBC /* PBXTargetDependency */ = {
			isa = PBXTargetDependency;
			name = ClaudeService;
			target = 2E9737657B2E116424257E9B /* ClaudeService */;
			targetProxy = B2D53421661DBA8C3B824D0F /* PBXContainerItemProxy */;
		};
		9427F7352BF55BE98F15FAB3 /* PBXTargetDependency */ = {
			isa = PBXTargetDependency;
			name = DesignSystem;
			target = 34EB4D276142C251CAE66A87 /* DesignSystem */;
			targetProxy = 081AB51F4AC81AF5EF9EC78E /* PBXContainerItemProxy */;
		};
		96450A25321D6EA723DFC0F4 /* PBXTargetDependency */ = {
			isa = PBXTargetDependency;
			name = QueChoisir;
			target = 26D540456D78BEC2D023E397 /* QueChoisir */;
			targetProxy = F0A78388F97820250807F311 /* PBXContainerItemProxy */;
		};
		A144DDF4F9FBBA28FDE1B792 /* PBXTargetDependency */ = {
			isa = PBXTargetDependency;
			name = Core;
			target = DD5ABC4EFEC76BAD610FFA70 /* Core */;
			targetProxy = 89E82213DDFCF0BE01A75BE9 /* PBXContainerItemProxy */;
		};
		A4688ACF9844C10EB521D52B /* PBXTargetDependency */ = {
			isa = PBXTargetDependency;
			name = CompareFeature;
			target = 1D08F6D305562280CB0995D8 /* CompareFeature */;
			targetProxy = 359F3E07F47485D4E77F11A7 /* PBXContainerItemProxy */;
		};
		F826C8BD4806CD2A882A2EDE /* PBXTargetDependency */ = {
			isa = PBXTargetDependency;
			name = ClaudeService;
			target = 2E9737657B2E116424257E9B /* ClaudeService */;
			targetProxy = E841B5A2141C3657E378E1A9 /* PBXContainerItemProxy */;
		};
/* End PBXTargetDependency section */

/* Begin XCBuildConfiguration section */
		0D14285BCF6B736D1482BD84 /* Debug */ = {
			isa = XCBuildConfiguration;
			buildSettings = {
				BUNDLE_LOADER = "$(TEST_HOST)";
				CODE_SIGN_IDENTITY = "iPhone Developer";
				INFOPLIST_FILE = "Derived/InfoPlists/QueChoisirTests-Info.plist";
				IPHONEOS_DEPLOYMENT_TARGET = 26.0;
				LD_RUNPATH_SEARCH_PATHS = (
					"$(inherited)",
					"@executable_path/Frameworks",
					"@loader_path/Frameworks",
				);
				PRODUCT_BUNDLE_IDENTIFIER = com.quechoisir.app.tests;
				PRODUCT_NAME = QueChoisirTests;
				SDKROOT = iphoneos;
				SUPPORTS_MACCATALYST = NO;
				SUPPORTS_MAC_DESIGNED_FOR_IPHONE_IPAD = YES;
				SUPPORTS_XR_DESIGNED_FOR_IPHONE_IPAD = NO;
				SWIFT_ACTIVE_COMPILATION_CONDITIONS = (
					"$(inherited)",
					DEBUG,
				);
				SWIFT_COMPILATION_MODE = singlefile;
				SWIFT_OPTIMIZATION_LEVEL = "-Onone";
				SWIFT_VERSION = 5.0;
				TARGETED_DEVICE_FAMILY = "1,2";
				TEST_HOST = "$(BUILT_PRODUCTS_DIR)/QueChoisir.app/$(BUNDLE_EXECUTABLE_FOLDER_PATH)/QueChoisir";
				TEST_TARGET_NAME = QueChoisir;
			};
			name = Debug;
		};
		251E8D3CDD789B3C4C5DB827 /* Release */ = {
			isa = XCBuildConfiguration;
			buildSettings = {
				ASSETCATALOG_COMPILER_APPICON_NAME = AppIcon;
				CODE_SIGN_IDENTITY = "iPhone Developer";
				ENABLE_PREVIEWS = YES;
				INFOPLIST_FILE = "Derived/InfoPlists/QueChoisir-Info.plist";
				IPHONEOS_DEPLOYMENT_TARGET = 26.0;
				LD_RUNPATH_SEARCH_PATHS = (
					"$(inherited)",
					"@executable_path/Frameworks",
				);
				PRODUCT_BUNDLE_IDENTIFIER = com.quechoisir.app;
				PRODUCT_NAME = QueChoisir;
				SDKROOT = iphoneos;
				SUPPORTS_MACCATALYST = NO;
				SUPPORTS_MAC_DESIGNED_FOR_IPHONE_IPAD = YES;
				SUPPORTS_XR_DESIGNED_FOR_IPHONE_IPAD = NO;
				SWIFT_COMPILATION_MODE = wholemodule;
				SWIFT_OPTIMIZATION_LEVEL = "-Owholemodule";
				SWIFT_VERSION = 5.0;
				TARGETED_DEVICE_FAMILY = "1,2";
			};
			name = Release;
		};
		258D9321777523EB528BC182 /* Debug */ = {
			isa = XCBuildConfiguration;
			buildSettings = {
				CODE_SIGN_IDENTITY = "";
				CURRENT_PROJECT_VERSION = 1;
				DEFINES_MODULE = YES;
				DYLIB_COMPATIBILITY_VERSION = 1;
				DYLIB_CURRENT_VERSION = 1;
				DYLIB_INSTALL_NAME_BASE = "@rpath";
				INFOPLIST_FILE = "Derived/InfoPlists/Core-Info.plist";
				INSTALL_PATH = "$(LOCAL_LIBRARY_DIR)/Frameworks";
				IPHONEOS_DEPLOYMENT_TARGET = 26.0;
				LD_RUNPATH_SEARCH_PATHS = (
					"$(inherited)",
					"@executable_path/Frameworks",
					"@loader_path/Frameworks",
				);
				PRODUCT_BUNDLE_IDENTIFIER = com.quechoisir.core;
				PRODUCT_NAME = Core;
				SDKROOT = iphoneos;
				SKIP_INSTALL = YES;
				SUPPORTS_MACCATALYST = NO;
				SUPPORTS_MAC_DESIGNED_FOR_IPHONE_IPAD = YES;
				SUPPORTS_XR_DESIGNED_FOR_IPHONE_IPAD = NO;
				SWIFT_ACTIVE_COMPILATION_CONDITIONS = (
					"$(inherited)",
					DEBUG,
				);
				SWIFT_COMPILATION_MODE = singlefile;
				SWIFT_OPTIMIZATION_LEVEL = "-Onone";
				SWIFT_VERSION = 5.0;
				TARGETED_DEVICE_FAMILY = "1,2";
				VERSIONING_SYSTEM = "apple-generic";
				VERSION_INFO_PREFIX = "";
			};
			name = Debug;
		};
		25D27508C713C5BA5A26481E /* Release */ = {
			isa = XCBuildConfiguration;
			buildSettings = {
				CODE_SIGN_IDENTITY = "";
				CURRENT_PROJECT_VERSION = 1;
				DEFINES_MODULE = YES;
				DYLIB_COMPATIBILITY_VERSION = 1;
				DYLIB_CURRENT_VERSION = 1;
				DYLIB_INSTALL_NAME_BASE = "@rpath";
				INFOPLIST_FILE = "Derived/InfoPlists/SettingsFeature-Info.plist";
				INSTALL_PATH = "$(LOCAL_LIBRARY_DIR)/Frameworks";
				IPHONEOS_DEPLOYMENT_TARGET = 26.0;
				LD_RUNPATH_SEARCH_PATHS = (
					"$(inherited)",
					"@executable_path/Frameworks",
					"@loader_path/Frameworks",
				);
				PRODUCT_BUNDLE_IDENTIFIER = com.quechoisir.settings;
				PRODUCT_NAME = SettingsFeature;
				SDKROOT = iphoneos;
				SKIP_INSTALL = YES;
				SUPPORTS_MACCATALYST = NO;
				SUPPORTS_MAC_DESIGNED_FOR_IPHONE_IPAD = YES;
				SUPPORTS_XR_DESIGNED_FOR_IPHONE_IPAD = NO;
				SWIFT_COMPILATION_MODE = wholemodule;
				SWIFT_OPTIMIZATION_LEVEL = "-Owholemodule";
				SWIFT_VERSION = 5.0;
				TARGETED_DEVICE_FAMILY = "1,2";
				VERSIONING_SYSTEM = "apple-generic";
				VERSION_INFO_PREFIX = "";
			};
			name = Release;
		};
		2D491CF4CC735550963F8B24 /* Debug */ = {
			isa = XCBuildConfiguration;
			buildSettings = {
				CODE_SIGN_IDENTITY = "";
				CURRENT_PROJECT_VERSION = 1;
				DEFINES_MODULE = YES;
				DYLIB_COMPATIBILITY_VERSION = 1;
				DYLIB_CURRENT_VERSION = 1;
				DYLIB_INSTALL_NAME_BASE = "@rpath";
				INFOPLIST_FILE = "Derived/InfoPlists/DesignSystem-Info.plist";
				INSTALL_PATH = "$(LOCAL_LIBRARY_DIR)/Frameworks";
				IPHONEOS_DEPLOYMENT_TARGET = 26.0;
				LD_RUNPATH_SEARCH_PATHS = (
					"$(inherited)",
					"@executable_path/Frameworks",
					"@loader_path/Frameworks",
				);
				PRODUCT_BUNDLE_IDENTIFIER = com.quechoisir.designsystem;
				PRODUCT_NAME = DesignSystem;
				SDKROOT = iphoneos;
				SKIP_INSTALL = YES;
				SUPPORTS_MACCATALYST = NO;
				SUPPORTS_MAC_DESIGNED_FOR_IPHONE_IPAD = YES;
				SUPPORTS_XR_DESIGNED_FOR_IPHONE_IPAD = NO;
				SWIFT_ACTIVE_COMPILATION_CONDITIONS = (
					"$(inherited)",
					DEBUG,
				);
				SWIFT_COMPILATION_MODE = singlefile;
				SWIFT_OPTIMIZATION_LEVEL = "-Onone";
				SWIFT_VERSION = 5.0;
				TARGETED_DEVICE_FAMILY = "1,2";
				VERSIONING_SYSTEM = "apple-generic";
				VERSION_INFO_PREFIX = "";
			};
			name = Debug;
		};
		3D164C58C70F3446C16131F0 /* Debug */ = {
			isa = XCBuildConfiguration;
			buildSettings = {
				CODE_SIGN_IDENTITY = "";
				CURRENT_PROJECT_VERSION = 1;
				DEFINES_MODULE = YES;
				DYLIB_COMPATIBILITY_VERSION = 1;
				DYLIB_CURRENT_VERSION = 1;
				DYLIB_INSTALL_NAME_BASE = "@rpath";
				INFOPLIST_FILE = "Derived/InfoPlists/TopProductsFeature-Info.plist";
				INSTALL_PATH = "$(LOCAL_LIBRARY_DIR)/Frameworks";
				IPHONEOS_DEPLOYMENT_TARGET = 26.0;
				LD_RUNPATH_SEARCH_PATHS = (
					"$(inherited)",
					"@executable_path/Frameworks",
					"@loader_path/Frameworks",
				);
				PRODUCT_BUNDLE_IDENTIFIER = com.quechoisir.topproducts;
				PRODUCT_NAME = TopProductsFeature;
				SDKROOT = iphoneos;
				SKIP_INSTALL = YES;
				SUPPORTS_MACCATALYST = NO;
				SUPPORTS_MAC_DESIGNED_FOR_IPHONE_IPAD = YES;
				SUPPORTS_XR_DESIGNED_FOR_IPHONE_IPAD = NO;
				SWIFT_ACTIVE_COMPILATION_CONDITIONS = (
					"$(inherited)",
					DEBUG,
				);
				SWIFT_COMPILATION_MODE = singlefile;
				SWIFT_OPTIMIZATION_LEVEL = "-Onone";
				SWIFT_VERSION = 5.0;
				TARGETED_DEVICE_FAMILY = "1,2";
				VERSIONING_SYSTEM = "apple-generic";
				VERSION_INFO_PREFIX = "";
			};
			name = Debug;
		};
		454CA8469AE20A8B3F7EEEDB /* Release */ = {
			isa = XCBuildConfiguration;
			buildSettings = {
				CODE_SIGN_IDENTITY = "";
				CURRENT_PROJECT_VERSION = 1;
				DEFINES_MODULE = YES;
				DYLIB_COMPATIBILITY_VERSION = 1;
				DYLIB_CURRENT_VERSION = 1;
				DYLIB_INSTALL_NAME_BASE = "@rpath";
				INFOPLIST_FILE = "Derived/InfoPlists/TopProductsFeature-Info.plist";
				INSTALL_PATH = "$(LOCAL_LIBRARY_DIR)/Frameworks";
				IPHONEOS_DEPLOYMENT_TARGET = 26.0;
				LD_RUNPATH_SEARCH_PATHS = (
					"$(inherited)",
					"@executable_path/Frameworks",
					"@loader_path/Frameworks",
				);
				PRODUCT_BUNDLE_IDENTIFIER = com.quechoisir.topproducts;
				PRODUCT_NAME = TopProductsFeature;
				SDKROOT = iphoneos;
				SKIP_INSTALL = YES;
				SUPPORTS_MACCATALYST = NO;
				SUPPORTS_MAC_DESIGNED_FOR_IPHONE_IPAD = YES;
				SUPPORTS_XR_DESIGNED_FOR_IPHONE_IPAD = NO;
				SWIFT_COMPILATION_MODE = wholemodule;
				SWIFT_OPTIMIZATION_LEVEL = "-Owholemodule";
				SWIFT_VERSION = 5.0;
				TARGETED_DEVICE_FAMILY = "1,2";
				VERSIONING_SYSTEM = "apple-generic";
				VERSION_INFO_PREFIX = "";
			};
			name = Release;
		};
		4A66FFCA33E4884A61678210 /* Release */ = {
			isa = XCBuildConfiguration;
			buildSettings = {
				CODE_SIGN_IDENTITY = "";
				CURRENT_PROJECT_VERSION = 1;
				DEFINES_MODULE = YES;
				DYLIB_COMPATIBILITY_VERSION = 1;
				DYLIB_CURRENT_VERSION = 1;
				DYLIB_INSTALL_NAME_BASE = "@rpath";
				INFOPLIST_FILE = "Derived/InfoPlists/ClaudeService-Info.plist";
				INSTALL_PATH = "$(LOCAL_LIBRARY_DIR)/Frameworks";
				IPHONEOS_DEPLOYMENT_TARGET = 26.0;
				LD_RUNPATH_SEARCH_PATHS = (
					"$(inherited)",
					"@executable_path/Frameworks",
					"@loader_path/Frameworks",
				);
				PRODUCT_BUNDLE_IDENTIFIER = com.quechoisir.claudeservice;
				PRODUCT_NAME = ClaudeService;
				SDKROOT = iphoneos;
				SKIP_INSTALL = YES;
				SUPPORTS_MACCATALYST = NO;
				SUPPORTS_MAC_DESIGNED_FOR_IPHONE_IPAD = YES;
				SUPPORTS_XR_DESIGNED_FOR_IPHONE_IPAD = NO;
				SWIFT_COMPILATION_MODE = wholemodule;
				SWIFT_OPTIMIZATION_LEVEL = "-Owholemodule";
				SWIFT_VERSION = 5.0;
				TARGETED_DEVICE_FAMILY = "1,2";
				VERSIONING_SYSTEM = "apple-generic";
				VERSION_INFO_PREFIX = "";
			};
			name = Release;
		};
		4D5EC9E08F1A0A819B49CC1C /* Debug */ = {
			isa = XCBuildConfiguration;
			buildSettings = {
				CODE_SIGN_IDENTITY = "";
				CURRENT_PROJECT_VERSION = 1;
				DEFINES_MODULE = YES;
				DYLIB_COMPATIBILITY_VERSION = 1;
				DYLIB_CURRENT_VERSION = 1;
				DYLIB_INSTALL_NAME_BASE = "@rpath";
				INFOPLIST_FILE = "Derived/InfoPlists/ClaudeService-Info.plist";
				INSTALL_PATH = "$(LOCAL_LIBRARY_DIR)/Frameworks";
				IPHONEOS_DEPLOYMENT_TARGET = 26.0;
				LD_RUNPATH_SEARCH_PATHS = (
					"$(inherited)",
					"@executable_path/Frameworks",
					"@loader_path/Frameworks",
				);
				PRODUCT_BUNDLE_IDENTIFIER = com.quechoisir.claudeservice;
				PRODUCT_NAME = ClaudeService;
				SDKROOT = iphoneos;
				SKIP_INSTALL = YES;
				SUPPORTS_MACCATALYST = NO;
				SUPPORTS_MAC_DESIGNED_FOR_IPHONE_IPAD = YES;
				SUPPORTS_XR_DESIGNED_FOR_IPHONE_IPAD = NO;
				SWIFT_ACTIVE_COMPILATION_CONDITIONS = (
					"$(inherited)",
					DEBUG,
				);
				SWIFT_COMPILATION_MODE = singlefile;
				SWIFT_OPTIMIZATION_LEVEL = "-Onone";
				SWIFT_VERSION = 5.0;
				TARGETED_DEVICE_FAMILY = "1,2";
				VERSIONING_SYSTEM = "apple-generic";
				VERSION_INFO_PREFIX = "";
			};
			name = Debug;
		};
		56F32614A6A4077813D5830F /* Debug */ = {
			isa = XCBuildConfiguration;
			buildSettings = {
				CODE_SIGN_IDENTITY = "";
				CURRENT_PROJECT_VERSION = 1;
				DEFINES_MODULE = YES;
				DYLIB_COMPATIBILITY_VERSION = 1;
				DYLIB_CURRENT_VERSION = 1;
				DYLIB_INSTALL_NAME_BASE = "@rpath";
				INFOPLIST_FILE = "Derived/InfoPlists/SettingsFeature-Info.plist";
				INSTALL_PATH = "$(LOCAL_LIBRARY_DIR)/Frameworks";
				IPHONEOS_DEPLOYMENT_TARGET = 26.0;
				LD_RUNPATH_SEARCH_PATHS = (
					"$(inherited)",
					"@executable_path/Frameworks",
					"@loader_path/Frameworks",
				);
				PRODUCT_BUNDLE_IDENTIFIER = com.quechoisir.settings;
				PRODUCT_NAME = SettingsFeature;
				SDKROOT = iphoneos;
				SKIP_INSTALL = YES;
				SUPPORTS_MACCATALYST = NO;
				SUPPORTS_MAC_DESIGNED_FOR_IPHONE_IPAD = YES;
				SUPPORTS_XR_DESIGNED_FOR_IPHONE_IPAD = NO;
				SWIFT_ACTIVE_COMPILATION_CONDITIONS = (
					"$(inherited)",
					DEBUG,
				);
				SWIFT_COMPILATION_MODE = singlefile;
				SWIFT_OPTIMIZATION_LEVEL = "-Onone";
				SWIFT_VERSION = 5.0;
				TARGETED_DEVICE_FAMILY = "1,2";
				VERSIONING_SYSTEM = "apple-generic";
				VERSION_INFO_PREFIX = "";
			};
			name = Debug;
		};
		5F2C17E64DADD990757408FB /* Release */ = {
			isa = XCBuildConfiguration;
			baseConfigurationReference = DDE128EF1E9846953601CD52 /* Release.xcconfig */;
			buildSettings = {
				ALWAYS_SEARCH_USER_PATHS = NO;
				CLANG_ANALYZER_LOCALIZABILITY_NONLOCALIZED = YES;
				CLANG_ANALYZER_NONNULL = YES;
				CLANG_ANALYZER_NUMBER_OBJECT_CONVERSION = YES_AGGRESSIVE;
				CLANG_CXX_LANGUAGE_STANDARD = "gnu++14";
				CLANG_CXX_LIBRARY = "libc++";
				CLANG_ENABLE_MODULES = YES;
				CLANG_ENABLE_OBJC_ARC = YES;
				CLANG_ENABLE_OBJC_WEAK = YES;
				CLANG_WARN_BLOCK_CAPTURE_AUTORELEASING = YES;
				CLANG_WARN_BOOL_CONVERSION = YES;
				CLANG_WARN_COMMA = YES;
				CLANG_WARN_CONSTANT_CONVERSION = YES;
				CLANG_WARN_DEPRECATED_OBJC_IMPLEMENTATIONS = YES;
				CLANG_WARN_DIRECT_OBJC_ISA_USAGE = YES_ERROR;
				CLANG_WARN_DOCUMENTATION_COMMENTS = YES;
				CLANG_WARN_EMPTY_BODY = YES;
				CLANG_WARN_ENUM_CONVERSION = YES;
				CLANG_WARN_INFINITE_RECURSION = YES;
				CLANG_WARN_INT_CONVERSION = YES;
				CLANG_WARN_NON_LITERAL_NULL_CONVERSION = YES;
				CLANG_WARN_OBJC_IMPLICIT_RETAIN_SELF = YES;
				CLANG_WARN_OBJC_LITERAL_CONVERSION = YES;
				CLANG_WARN_OBJC_ROOT_CLASS = YES_ERROR;
				CLANG_WARN_QUOTED_INCLUDE_IN_FRAMEWORK_HEADER = YES;
				CLANG_WARN_RANGE_LOOP_ANALYSIS = YES;
				CLANG_WARN_STRICT_PROTOTYPES = YES;
				CLANG_WARN_SUSPICIOUS_MOVE = YES;
				CLANG_WARN_UNGUARDED_AVAILABILITY = YES_AGGRESSIVE;
				CLANG_WARN_UNREACHABLE_CODE = YES;
				CLANG_WARN__DUPLICATE_METHOD_MATCH = YES;
				COPY_PHASE_STRIP = NO;
				DEAD_CODE_STRIPPING = YES;
				DEBUG_INFORMATION_FORMAT = "dwarf-with-dsym";
				ENABLE_NS_ASSERTIONS = NO;
				ENABLE_STRICT_OBJC_MSGSEND = YES;
				GCC_C_LANGUAGE_STANDARD = gnu11;
				GCC_NO_COMMON_BLOCKS = YES;
				GCC_WARN_64_TO_32_BIT_CONVERSION = YES;
				GCC_WARN_ABOUT_RETURN_TYPE = YES_ERROR;
				GCC_WARN_UNDECLARED_SELECTOR = YES;
				GCC_WARN_UNINITIALIZED_AUTOS = YES_AGGRESSIVE;
				GCC_WARN_UNUSED_FUNCTION = YES;
				GCC_WARN_UNUSED_VARIABLE = YES;
				MTL_ENABLE_DEBUG_INFO = NO;
				PRODUCT_NAME = "$(TARGET_NAME)";
				SWIFT_DEFAULT_ACTOR_ISOLATION = MainActor;
				SWIFT_STRICT_CONCURRENCY = complete;
				SWIFT_UPCOMING_FEATURE_GLOBAL_ACTOR_ISOLATION = YES;
				VALIDATE_PRODUCT = YES;
			};
			name = Release;
		};
		72F4F96399E1D85652396034 /* Debug */ = {
			isa = XCBuildConfiguration;
			baseConfigurationReference = A1A2F56D673C8BC85B56FA23 /* Debug.xcconfig */;
			buildSettings = {
				ALWAYS_SEARCH_USER_PATHS = NO;
				CLANG_ANALYZER_LOCALIZABILITY_NONLOCALIZED = YES;
				CLANG_ANALYZER_NONNULL = YES;
				CLANG_ANALYZER_NUMBER_OBJECT_CONVERSION = YES_AGGRESSIVE;
				CLANG_CXX_LANGUAGE_STANDARD = "gnu++14";
				CLANG_CXX_LIBRARY = "libc++";
				CLANG_ENABLE_MODULES = YES;
				CLANG_ENABLE_OBJC_ARC = YES;
				CLANG_ENABLE_OBJC_WEAK = YES;
				CLANG_WARN_BLOCK_CAPTURE_AUTORELEASING = YES;
				CLANG_WARN_BOOL_CONVERSION = YES;
				CLANG_WARN_COMMA = YES;
				CLANG_WARN_CONSTANT_CONVERSION = YES;
				CLANG_WARN_DEPRECATED_OBJC_IMPLEMENTATIONS = YES;
				CLANG_WARN_DIRECT_OBJC_ISA_USAGE = YES_ERROR;
				CLANG_WARN_DOCUMENTATION_COMMENTS = YES;
				CLANG_WARN_EMPTY_BODY = YES;
				CLANG_WARN_ENUM_CONVERSION = YES;
				CLANG_WARN_INFINITE_RECURSION = YES;
				CLANG_WARN_INT_CONVERSION = YES;
				CLANG_WARN_NON_LITERAL_NULL_CONVERSION = YES;
				CLANG_WARN_OBJC_IMPLICIT_RETAIN_SELF = YES;
				CLANG_WARN_OBJC_LITERAL_CONVERSION = YES;
				CLANG_WARN_OBJC_ROOT_CLASS = YES_ERROR;
				CLANG_WARN_QUOTED_INCLUDE_IN_FRAMEWORK_HEADER = YES;
				CLANG_WARN_RANGE_LOOP_ANALYSIS = YES;
				CLANG_WARN_STRICT_PROTOTYPES = YES;
				CLANG_WARN_SUSPICIOUS_MOVE = YES;
				CLANG_WARN_UNGUARDED_AVAILABILITY = YES_AGGRESSIVE;
				CLANG_WARN_UNREACHABLE_CODE = YES;
				CLANG_WARN__DUPLICATE_METHOD_MATCH = YES;
				COPY_PHASE_STRIP = NO;
				DEAD_CODE_STRIPPING = YES;
				DEBUG_INFORMATION_FORMAT = dwarf;
				ENABLE_STRICT_OBJC_MSGSEND = YES;
				ENABLE_TESTABILITY = YES;
				GCC_C_LANGUAGE_STANDARD = gnu11;
				GCC_DYNAMIC_NO_PIC = NO;
				GCC_NO_COMMON_BLOCKS = YES;
				GCC_OPTIMIZATION_LEVEL = 0;
				GCC_PREPROCESSOR_DEFINITIONS = (
					"DEBUG=1",
					"$(inherited)",
				);
				GCC_WARN_64_TO_32_BIT_CONVERSION = YES;
				GCC_WARN_ABOUT_RETURN_TYPE = YES_ERROR;
				GCC_WARN_UNDECLARED_SELECTOR = YES;
				GCC_WARN_UNINITIALIZED_AUTOS = YES_AGGRESSIVE;
				GCC_WARN_UNUSED_FUNCTION = YES;
				GCC_WARN_UNUSED_VARIABLE = YES;
				MTL_ENABLE_DEBUG_INFO = YES;
				ONLY_ACTIVE_ARCH = YES;
				PRODUCT_NAME = "$(TARGET_NAME)";
				SWIFT_DEFAULT_ACTOR_ISOLATION = MainActor;
				SWIFT_STRICT_CONCURRENCY = complete;
				SWIFT_UPCOMING_FEATURE_GLOBAL_ACTOR_ISOLATION = YES;
			};
			name = Debug;
		};
		9DFC8C8EA30F112880B7A299 /* Release */ = {
			isa = XCBuildConfiguration;
			buildSettings = {
				CODE_SIGN_IDENTITY = "";
				CURRENT_PROJECT_VERSION = 1;
				DEFINES_MODULE = YES;
				DYLIB_COMPATIBILITY_VERSION = 1;
				DYLIB_CURRENT_VERSION = 1;
				DYLIB_INSTALL_NAME_BASE = "@rpath";
				INFOPLIST_FILE = "Derived/InfoPlists/DesignSystem-Info.plist";
				INSTALL_PATH = "$(LOCAL_LIBRARY_DIR)/Frameworks";
				IPHONEOS_DEPLOYMENT_TARGET = 26.0;
				LD_RUNPATH_SEARCH_PATHS = (
					"$(inherited)",
					"@executable_path/Frameworks",
					"@loader_path/Frameworks",
				);
				PRODUCT_BUNDLE_IDENTIFIER = com.quechoisir.designsystem;
				PRODUCT_NAME = DesignSystem;
				SDKROOT = iphoneos;
				SKIP_INSTALL = YES;
				SUPPORTS_MACCATALYST = NO;
				SUPPORTS_MAC_DESIGNED_FOR_IPHONE_IPAD = YES;
				SUPPORTS_XR_DESIGNED_FOR_IPHONE_IPAD = NO;
				SWIFT_COMPILATION_MODE = wholemodule;
				SWIFT_OPTIMIZATION_LEVEL = "-Owholemodule";
				SWIFT_VERSION = 5.0;
				TARGETED_DEVICE_FAMILY = "1,2";
				VERSIONING_SYSTEM = "apple-generic";
				VERSION_INFO_PREFIX = "";
			};
			name = Release;
		};
		B3D0A5B3757752C35E5DBC85 /* Release */ = {
			isa = XCBuildConfiguration;
			buildSettings = {
				CODE_SIGN_IDENTITY = "";
				CURRENT_PROJECT_VERSION = 1;
				DEFINES_MODULE = YES;
				DYLIB_COMPATIBILITY_VERSION = 1;
				DYLIB_CURRENT_VERSION = 1;
				DYLIB_INSTALL_NAME_BASE = "@rpath";
				INFOPLIST_FILE = "Derived/InfoPlists/Core-Info.plist";
				INSTALL_PATH = "$(LOCAL_LIBRARY_DIR)/Frameworks";
				IPHONEOS_DEPLOYMENT_TARGET = 26.0;
				LD_RUNPATH_SEARCH_PATHS = (
					"$(inherited)",
					"@executable_path/Frameworks",
					"@loader_path/Frameworks",
				);
				PRODUCT_BUNDLE_IDENTIFIER = com.quechoisir.core;
				PRODUCT_NAME = Core;
				SDKROOT = iphoneos;
				SKIP_INSTALL = YES;
				SUPPORTS_MACCATALYST = NO;
				SUPPORTS_MAC_DESIGNED_FOR_IPHONE_IPAD = YES;
				SUPPORTS_XR_DESIGNED_FOR_IPHONE_IPAD = NO;
				SWIFT_COMPILATION_MODE = wholemodule;
				SWIFT_OPTIMIZATION_LEVEL = "-Owholemodule";
				SWIFT_VERSION = 5.0;
				TARGETED_DEVICE_FAMILY = "1,2";
				VERSIONING_SYSTEM = "apple-generic";
				VERSION_INFO_PREFIX = "";
			};
			name = Release;
		};
		B9652D9032517D5DF3C22DE6 /* Debug */ = {
			isa = XCBuildConfiguration;
			buildSettings = {
				ASSETCATALOG_COMPILER_APPICON_NAME = AppIcon;
				CODE_SIGN_IDENTITY = "iPhone Developer";
				ENABLE_PREVIEWS = YES;
				INFOPLIST_FILE = "Derived/InfoPlists/QueChoisir-Info.plist";
				IPHONEOS_DEPLOYMENT_TARGET = 26.0;
				LD_RUNPATH_SEARCH_PATHS = (
					"$(inherited)",
					"@executable_path/Frameworks",
				);
				PRODUCT_BUNDLE_IDENTIFIER = com.quechoisir.app;
				PRODUCT_NAME = QueChoisir;
				SDKROOT = iphoneos;
				SUPPORTS_MACCATALYST = NO;
				SUPPORTS_MAC_DESIGNED_FOR_IPHONE_IPAD = YES;
				SUPPORTS_XR_DESIGNED_FOR_IPHONE_IPAD = NO;
				SWIFT_ACTIVE_COMPILATION_CONDITIONS = (
					"$(inherited)",
					DEBUG,
				);
				SWIFT_COMPILATION_MODE = singlefile;
				SWIFT_OPTIMIZATION_LEVEL = "-Onone";
				SWIFT_VERSION = 5.0;
				TARGETED_DEVICE_FAMILY = "1,2";
			};
			name = Debug;
		};
		BA42F8E04568CC0A8C50426A /* Release */ = {
			isa = XCBuildConfiguration;
			buildSettings = {
				BUNDLE_LOADER = "$(TEST_HOST)";
				CODE_SIGN_IDENTITY = "iPhone Developer";
				INFOPLIST_FILE = "Derived/InfoPlists/QueChoisirTests-Info.plist";
				IPHONEOS_DEPLOYMENT_TARGET = 26.0;
				LD_RUNPATH_SEARCH_PATHS = (
					"$(inherited)",
					"@executable_path/Frameworks",
					"@loader_path/Frameworks",
				);
				PRODUCT_BUNDLE_IDENTIFIER = com.quechoisir.app.tests;
				PRODUCT_NAME = QueChoisirTests;
				SDKROOT = iphoneos;
				SUPPORTS_MACCATALYST = NO;
				SUPPORTS_MAC_DESIGNED_FOR_IPHONE_IPAD = YES;
				SUPPORTS_XR_DESIGNED_FOR_IPHONE_IPAD = NO;
				SWIFT_COMPILATION_MODE = wholemodule;
				SWIFT_OPTIMIZATION_LEVEL = "-Owholemodule";
				SWIFT_VERSION = 5.0;
				TARGETED_DEVICE_FAMILY = "1,2";
				TEST_HOST = "$(BUILT_PRODUCTS_DIR)/QueChoisir.app/$(BUNDLE_EXECUTABLE_FOLDER_PATH)/QueChoisir";
				TEST_TARGET_NAME = QueChoisir;
			};
			name = Release;
		};
		CDE5E65C2377B9F63468DE8C /* Release */ = {
			isa = XCBuildConfiguration;
			buildSettings = {
				CODE_SIGN_IDENTITY = "";
				CURRENT_PROJECT_VERSION = 1;
				DEFINES_MODULE = YES;
				DYLIB_COMPATIBILITY_VERSION = 1;
				DYLIB_CURRENT_VERSION = 1;
				DYLIB_INSTALL_NAME_BASE = "@rpath";
				INFOPLIST_FILE = "Derived/InfoPlists/CompareFeature-Info.plist";
				INSTALL_PATH = "$(LOCAL_LIBRARY_DIR)/Frameworks";
				IPHONEOS_DEPLOYMENT_TARGET = 26.0;
				LD_RUNPATH_SEARCH_PATHS = (
					"$(inherited)",
					"@executable_path/Frameworks",
					"@loader_path/Frameworks",
				);
				PRODUCT_BUNDLE_IDENTIFIER = com.quechoisir.compare;
				PRODUCT_NAME = CompareFeature;
				SDKROOT = iphoneos;
				SKIP_INSTALL = YES;
				SUPPORTS_MACCATALYST = NO;
				SUPPORTS_MAC_DESIGNED_FOR_IPHONE_IPAD = YES;
				SUPPORTS_XR_DESIGNED_FOR_IPHONE_IPAD = NO;
				SWIFT_COMPILATION_MODE = wholemodule;
				SWIFT_OPTIMIZATION_LEVEL = "-Owholemodule";
				SWIFT_VERSION = 5.0;
				TARGETED_DEVICE_FAMILY = "1,2";
				VERSIONING_SYSTEM = "apple-generic";
				VERSION_INFO_PREFIX = "";
			};
			name = Release;
		};
		D7780BCED0CA7065A185861F /* Debug */ = {
			isa = XCBuildConfiguration;
			buildSettings = {
				CODE_SIGN_IDENTITY = "";
				CURRENT_PROJECT_VERSION = 1;
				DEFINES_MODULE = YES;
				DYLIB_COMPATIBILITY_VERSION = 1;
				DYLIB_CURRENT_VERSION = 1;
				DYLIB_INSTALL_NAME_BASE = "@rpath";
				INFOPLIST_FILE = "Derived/InfoPlists/CompareFeature-Info.plist";
				INSTALL_PATH = "$(LOCAL_LIBRARY_DIR)/Frameworks";
				IPHONEOS_DEPLOYMENT_TARGET = 26.0;
				LD_RUNPATH_SEARCH_PATHS = (
					"$(inherited)",
					"@executable_path/Frameworks",
					"@loader_path/Frameworks",
				);
				PRODUCT_BUNDLE_IDENTIFIER = com.quechoisir.compare;
				PRODUCT_NAME = CompareFeature;
				SDKROOT = iphoneos;
				SKIP_INSTALL = YES;
				SUPPORTS_MACCATALYST = NO;
				SUPPORTS_MAC_DESIGNED_FOR_IPHONE_IPAD = YES;
				SUPPORTS_XR_DESIGNED_FOR_IPHONE_IPAD = NO;
				SWIFT_ACTIVE_COMPILATION_CONDITIONS = (
					"$(inherited)",
					DEBUG,
				);
				SWIFT_COMPILATION_MODE = singlefile;
				SWIFT_OPTIMIZATION_LEVEL = "-Onone";
				SWIFT_VERSION = 5.0;
				TARGETED_DEVICE_FAMILY = "1,2";
				VERSIONING_SYSTEM = "apple-generic";
				VERSION_INFO_PREFIX = "";
			};
			name = Debug;
		};
/* End XCBuildConfiguration section */

/* Begin XCConfigurationList section */
		1A1AC433B5C4E98C3EFC6159 /* Build configuration list for PBXNativeTarget "ClaudeService" */ = {
			isa = XCConfigurationList;
			buildConfigurations = (
				4D5EC9E08F1A0A819B49CC1C /* Debug */,
				4A66FFCA33E4884A61678210 /* Release */,
			);
			defaultConfigurationIsVisible = 0;
			defaultConfigurationName = Release;
		};
		25D3E7624A43F228F12F9114 /* Build configuration list for PBXNativeTarget "SettingsFeature" */ = {
			isa = XCConfigurationList;
			buildConfigurations = (
				56F32614A6A4077813D5830F /* Debug */,
				25D27508C713C5BA5A26481E /* Release */,
			);
			defaultConfigurationIsVisible = 0;
			defaultConfigurationName = Release;
		};
		26514F3680FFEDB7125E3B72 /* Build configuration list for PBXNativeTarget "DesignSystem" */ = {
			isa = XCConfigurationList;
			buildConfigurations = (
				2D491CF4CC735550963F8B24 /* Debug */,
				9DFC8C8EA30F112880B7A299 /* Release */,
			);
			defaultConfigurationIsVisible = 0;
			defaultConfigurationName = Release;
		};
		3324DA9AB201507ECD67123A /* Build configuration list for PBXNativeTarget "Core" */ = {
			isa = XCConfigurationList;
			buildConfigurations = (
				258D9321777523EB528BC182 /* Debug */,
				B3D0A5B3757752C35E5DBC85 /* Release */,
			);
			defaultConfigurationIsVisible = 0;
			defaultConfigurationName = Release;
		};
		374E1940A21CBD439A0C5191 /* Build configuration list for PBXProject "QueChoisir" */ = {
			isa = XCConfigurationList;
			buildConfigurations = (
				72F4F96399E1D85652396034 /* Debug */,
				5F2C17E64DADD990757408FB /* Release */,
			);
			defaultConfigurationIsVisible = 0;
			defaultConfigurationName = Release;
		};
		50F1BC87C2390EC04E727782 /* Build configuration list for PBXNativeTarget "QueChoisir" */ = {
			isa = XCConfigurationList;
			buildConfigurations = (
				B9652D9032517D5DF3C22DE6 /* Debug */,
				251E8D3CDD789B3C4C5DB827 /* Release */,
			);
			defaultConfigurationIsVisible = 0;
			defaultConfigurationName = Release;
		};
		9BE3CE52C8F778CB315DA5CD /* Build configuration list for PBXNativeTarget "QueChoisirTests" */ = {
			isa = XCConfigurationList;
			buildConfigurations = (
				0D14285BCF6B736D1482BD84 /* Debug */,
				BA42F8E04568CC0A8C50426A /* Release */,
			);
			defaultConfigurationIsVisible = 0;
			defaultConfigurationName = Release;
		};
		B6B10D4F12EBB168813E7388 /* Build configuration list for PBXNativeTarget "TopProductsFeature" */ = {
			isa = XCConfigurationList;
			buildConfigurations = (
				3D164C58C70F3446C16131F0 /* Debug */,
				454CA8469AE20A8B3F7EEEDB /* Release */,
			);
			defaultConfigurationIsVisible = 0;
			defaultConfigurationName = Release;
		};
		F9593D4B903F522034B09FFC /* Build configuration list for PBXNativeTarget "CompareFeature" */ = {
			isa = XCConfigurationList;
			buildConfigurations = (
				D7780BCED0CA7065A185861F /* Debug */,
				CDE5E65C2377B9F63468DE8C /* Release */,
			);
			defaultConfigurationIsVisible = 0;
			defaultConfigurationName = Release;
		};
/* End XCConfigurationList section */

/* Begin XCRemoteSwiftPackageReference section */
		3A4C5D8E295A4BDD67D7A96C /* XCRemoteSwiftPackageReference "Swinject" */ = {
			isa = XCRemoteSwiftPackageReference;
			repositoryURL = "https://github.com/Swinject/Swinject.git";
			requirement = {
				kind = upToNextMajorVersion;
				minimumVersion = 2.8.0;
			};
		};
		5814600D3A5B72A75376383E /* XCRemoteSwiftPackageReference "SwiftAnthropic" */ = {
			isa = XCRemoteSwiftPackageReference;
			repositoryURL = "https://github.com/jamesrochabrun/SwiftAnthropic.git";
			requirement = {
				kind = upToNextMajorVersion;
				minimumVersion = 1.0.0;
			};
		};
/* End XCRemoteSwiftPackageReference section */

/* Begin XCSwiftPackageProductDependency section */
		27DB7BB2042450E24FAE2F56 /* Swinject */ = {
			isa = XCSwiftPackageProductDependency;
			productName = Swinject;
		};
		83CCAB803A790E16322C96F9 /* Swinject */ = {
			isa = XCSwiftPackageProductDependency;
			productName = Swinject;
		};
		C9E601ED289C366AB799434E /* Swinject */ = {
			isa = XCSwiftPackageProductDependency;
			productName = Swinject;
		};
		E726D85E00C029AAAF836BF4 /* SwiftAnthropic */ = {
			isa = XCSwiftPackageProductDependency;
			productName = SwiftAnthropic;
		};
/* End XCSwiftPackageProductDependency section */
	};
	rootObject = E02EFA6800A775E0BC1763F2 /* Project object */;
}
